
Microsoft Visual Studio Solution File, Format Version 12.00
# Visual Studio Version 17
VisualStudioVersion = 17.5.002.0
MinimumVisualStudioVersion = 10.0.40219.1
Project("{9A19103F-16F7-4668-BE54-9A1E7A4F7556}") = "20230921", "20230921_practice_1\20230921.csproj", "{A0843D4E-EDAB-4775-8158-889625E302B0}"
EndProject
Project("{9A19103F-16F7-4668-BE54-9A1E7A4F7556}") = "20230921_practice_2", "20230921_practice_2\20230921_practice_2.csproj", "{B381ABF1-A5ED-4C1F-ABEE-68452CEC69F1}"
EndProject
Project("{9A19103F-16F7-4668-BE54-9A1E7A4F7556}") = "20230921_practice_2_ver.2", "20230921_practice_2_ver.2\20230921_practice_2_ver.2.csproj", "{40A2CDE8-8903-4395-9741-587076461C3B}"
EndProject
Project("{9A19103F-16F7-4668-BE54-9A1E7A4F7556}") = "20230921_practice_5", "20230921_practice_5\20230921_practice_5.csproj", "{266A714B-84B8-486A-8FE8-CF4938A6342B}"
EndProject
Project("{9A19103F-16F7-4668-BE54-9A1E7A4F7556}") = "20230926_encapsulation_1", "20230926_encapsulation_1\20230926_encapsulation_1.csproj", "{DAABD4AC-A19C-451D-A57D-F145199D7260}"
EndProject
Project("{9A19103F-16F7-4668-BE54-9A1E7A4F7556}") = "20230926_encapsulation_2", "20230926_encapsulation_2\20230926_encapsulation_2.csproj", "{856CE5BB-E0CB-4E0D-B27B-E07DD0819214}"
EndProject
Project("{9A19103F-16F7-4668-BE54-9A1E7A4F7556}") = "20230926_encapsulation_3", "20230926_encapsulation_3\20230926_encapsulation_3.csproj", "{5E02A7DC-4CE6-4571-8B72-14972A53BF6C}"
EndProject
Project("{9A19103F-16F7-4668-BE54-9A1E7A4F7556}") = "20231012_exercise_1", "20231012_exercise_1\20231012_exercise_1.csproj", "{57C781B1-59BD-4DB6-8A32-3933C388180E}"
EndProject
Global
	GlobalSection(SolutionConfigurationPlatforms) = preSolution
		Debug|Any CPU = Debug|Any CPU
		Release|Any CPU = Release|Any CPU
	EndGlobalSection
	GlobalSection(ProjectConfigurationPlatforms) = postSolution
		{A0843D4E-EDAB-4775-8158-889625E302B0}.Debug|Any CPU.ActiveCfg = Debug|Any CPU
		{A0843D4E-EDAB-4775-8158-889625E302B0}.Debug|Any CPU.Build.0 = Debug|Any CPU
		{A0843D4E-EDAB-4775-8158-889625E302B0}.Release|Any CPU.ActiveCfg = Release|Any CPU
		{A0843D4E-EDAB-4775-8158-889625E302B0}.Release|Any CPU.Build.0 = Release|Any CPU
		{B381ABF1-A5ED-4C1F-ABEE-68452CEC69F1}.Debug|Any CPU.ActiveCfg = Debug|Any CPU
		{B381ABF1-A5ED-4C1F-ABEE-68452CEC69F1}.Debug|Any CPU.Build.0 = Debug|Any CPU
		{B381ABF1-A5ED-4C1F-ABEE-68452CEC69F1}.Release|Any CPU.ActiveCfg = Release|Any CPU
		{B381ABF1-A5ED-4C1F-ABEE-68452CEC69F1}.Release|Any CPU.Build.0 = Release|Any CPU
		{40A2CDE8-8903-4395-9741-587076461C3B}.Debug|Any CPU.ActiveCfg = Debug|Any CPU
		{40A2CDE8-8903-4395-9741-587076461C3B}.Debug|Any CPU.Build.0 = Debug|Any CPU
		{40A2CDE8-8903-4395-9741-587076461C3B}.Release|Any CPU.ActiveCfg = Release|Any CPU
		{40A2CDE8-8903-4395-9741-587076461C3B}.Release|Any CPU.Build.0 = Release|Any CPU
		{266A714B-84B8-486A-8FE8-CF4938A6342B}.Debug|Any CPU.ActiveCfg = Debug|Any CPU
		{266A714B-84B8-486A-8FE8-CF4938A6342B}.Debug|Any CPU.Build.0 = Debug|Any CPU
		{266A714B-84B8-486A-8FE8-CF4938A6342B}.Release|Any CPU.ActiveCfg = Release|Any CPU
		{266A714B-84B8-486A-8FE8-CF4938A6342B}.Release|Any CPU.Build.0 = Release|Any CPU
		{DAABD4AC-A19C-451D-A57D-F145199D7260}.Debug|Any CPU.ActiveCfg = Debug|Any CPU
		{DAABD4AC-A19C-451D-A57D-F145199D7260}.Debug|Any CPU.Build.0 = Debug|Any CPU
		{DAABD4AC-A19C-451D-A57D-F145199D7260}.Release|Any CPU.ActiveCfg = Release|Any CPU
		{DAABD4AC-A19C-451D-A57D-F145199D7260}.Release|Any CPU.Build.0 = Release|Any CPU
		{856CE5BB-E0CB-4E0D-B27B-E07DD0819214}.Debug|Any CPU.ActiveCfg = Debug|Any CPU
		{856CE5BB-E0CB-4E0D-B27B-E07DD0819214}.Debug|Any CPU.Build.0 = Debug|Any CPU
		{856CE5BB-E0CB-4E0D-B27B-E07DD0819214}.Release|Any CPU.ActiveCfg = Release|Any CPU
		{856CE5BB-E0CB-4E0D-B27B-E07DD0819214}.Release|Any CPU.Build.0 = Release|Any CPU
		{5E02A7DC-4CE6-4571-8B72-14972A53BF6C}.Debug|Any CPU.ActiveCfg = Debug|Any CPU
		{5E02A7DC-4CE6-4571-8B72-14972A53BF6C}.Debug|Any CPU.Build.0 = Debug|Any CPU
		{5E02A7DC-4CE6-4571-8B72-14972A53BF6C}.Release|Any CPU.ActiveCfg = Release|Any CPU
		{5E02A7DC-4CE6-4571-8B72-14972A53BF6C}.Release|Any CPU.Build.0 = Release|Any CPU
		{57C781B1-59BD-4DB6-8A32-3933C388180E}.Debug|Any CPU.ActiveCfg = Debug|Any CPU
		{57C781B1-59BD-4DB6-8A32-3933C388180E}.Debug|Any CPU.Build.0 = Debug|Any CPU
		{57C781B1-59BD-4DB6-8A32-3933C388180E}.Release|Any CPU.ActiveCfg = Release|Any CPU
		{57C781B1-59BD-4DB6-8A32-3933C388180E}.Release|Any CPU.Build.0 = Release|Any CPU
	EndGlobalSection
	GlobalSection(SolutionProperties) = preSolution
		HideSolutionNode = FALSE
	EndGlobalSection
	GlobalSection(ExtensibilityGlobals) = postSolution
		SolutionGuid = {350719CF-BD99-4049-87F2-887540A88957}
	EndGlobalSection
EndGlobal
